
Microsoft Visual Studio Solution File, Format Version 12.00
# Visual Studio Version 16
VisualStudioVersion = 16.0.31829.152
MinimumVisualStudioVersion = 10.0.40219.1
Project("{FAE04EC0-301F-11D3-BF4B-00C04F79EFBC}") = "calculatorApp", "calculatorApp\calculatorApp.csproj", "{9BFBD064-70B9-4695-821A-7A6EC2C01B08}"
EndProject
Global
	GlobalSection(SolutionConfigurationPlatforms) = preSolution
		Debug|Any CPU = Debug|Any CPU
		Release|Any CPU = Release|Any CPU
	EndGlobalSection
	GlobalSection(ProjectConfigurationPlatforms) = postSolution
		{9BFBD064-70B9-4695-821A-7A6EC2C01B08}.Debug|Any CPU.ActiveCfg = Debug|Any CPU
		{9BFBD064-70B9-4695-821A-7A6EC2C01B08}.Debug|Any CPU.Build.0 = Debug|Any CPU
		{9BFBD064-70B9-4695-821A-7A6EC2C01B08}.Release|Any CPU.ActiveCfg = Release|Any CPU
		{9BFBD064-70B9-4695-821A-7A6EC2C01B08}.Release|Any CPU.Build.0 = Release|Any CPU
	EndGlobalSection
	GlobalSection(SolutionProperties) = preSolution
		HideSolutionNode = FALSE
	EndGlobalSection
	GlobalSection(ExtensibilityGlobals) = postSolution
		SolutionGuid = {FBCCB253-4C42-4D95-8983-E1DC7C92E013}
	EndGlobalSection
EndGlobal
